# This file is automatically @generated by Wally.
# It is not intended for manual editing.
registry = "test"

[[package]]
name = "author/project-name"
version = "0.0.0"
dependencies = [["signal", "sleitnick/signal@2.0.3"], ["profilestore", "lm-loleris/profilestore@1.0.3"]]

[[package]]
name = "lm-loleris/profilestore"
version = "1.0.3"
dependencies = []

[[package]]
name = "sleitnick/signal"
version = "2.0.3"
dependencies = []
